
Microsoft Visual Studio Solution File, Format Version 12.00
# Visual Studio 14
VisualStudioVersion = 14.0.25420.1
MinimumVisualStudioVersion = 10.0.40219.1
Project("{FAE04EC0-301F-11D3-BF4B-00C04F79EFBC}") = "ListViewSwipeGesture.Droid", "ListViewSwipeGesture\ListViewSwipeGesture.Droid\ListViewSwipeGesture.Droid.csproj", "{E8E90931-86EE-4993-92D9-6ECA19DD22AB}"
EndProject
Project("{FAE04EC0-301F-11D3-BF4B-00C04F79EFBC}") = "ListViewSwipeGesture.iOS", "ListViewSwipeGesture\ListViewSwipeGesture.iOS\ListViewSwipeGesture.iOS.csproj", "{7E75D4EA-F1EC-4765-B686-8CF24AD8CE88}"
EndProject
Project("{FAE04EC0-301F-11D3-BF4B-00C04F79EFBC}") = "ListViewSwipeGesture", "ListViewSwipeGesture\ListViewSwipeGesture\ListViewSwipeGesture.csproj", "{AD2B9465-3F94-4255-94D7-7880FEC784EF}"
EndProject
Project("{FAE04EC0-301F-11D3-BF4B-00C04F79EFBC}") = "Components", "Components\Components.csproj", "{67F9D3A8-F71E-4428-913F-C37AE82CDB24}"
EndProject
Project("{FAE04EC0-301F-11D3-BF4B-00C04F79EFBC}") = "Pages", "Pages\Pages.csproj", "{74D99967-7F06-43C1-99C9-892AA21594CC}"
EndProject
Global
	GlobalSection(SolutionConfigurationPlatforms) = preSolution
		Ad-Hoc|Any CPU = Ad-Hoc|Any CPU
		Ad-Hoc|ARM = Ad-Hoc|ARM
		Ad-Hoc|iPhone = Ad-Hoc|iPhone
		Ad-Hoc|iPhoneSimulator = Ad-Hoc|iPhoneSimulator
		Ad-Hoc|x64 = Ad-Hoc|x64
		Ad-Hoc|x86 = Ad-Hoc|x86
		AppStore|Any CPU = AppStore|Any CPU
		AppStore|ARM = AppStore|ARM
		AppStore|iPhone = AppStore|iPhone
		AppStore|iPhoneSimulator = AppStore|iPhoneSimulator
		AppStore|x64 = AppStore|x64
		AppStore|x86 = AppStore|x86
		Debug|Any CPU = Debug|Any CPU
		Debug|ARM = Debug|ARM
		Debug|iPhone = Debug|iPhone
		Debug|iPhoneSimulator = Debug|iPhoneSimulator
		Debug|x64 = Debug|x64
		Debug|x86 = Debug|x86
		Release|Any CPU = Release|Any CPU
		Release|ARM = Release|ARM
		Release|iPhone = Release|iPhone
		Release|iPhoneSimulator = Release|iPhoneSimulator
		Release|x64 = Release|x64
		Release|x86 = Release|x86
	EndGlobalSection
	GlobalSection(ProjectConfigurationPlatforms) = postSolution
		{E8E90931-86EE-4993-92D9-6ECA19DD22AB}.Ad-Hoc|Any CPU.ActiveCfg = Release|Any CPU
		{E8E90931-86EE-4993-92D9-6ECA19DD22AB}.Ad-Hoc|Any CPU.Build.0 = Release|Any CPU
		{E8E90931-86EE-4993-92D9-6ECA19DD22AB}.Ad-Hoc|Any CPU.Deploy.0 = Release|Any CPU
		{E8E90931-86EE-4993-92D9-6ECA19DD22AB}.Ad-Hoc|ARM.ActiveCfg = Release|Any CPU
		{E8E90931-86EE-4993-92D9-6ECA19DD22AB}.Ad-Hoc|ARM.Build.0 = Release|Any CPU
		{E8E90931-86EE-4993-92D9-6ECA19DD22AB}.Ad-Hoc|ARM.Deploy.0 = Release|Any CPU
		{E8E90931-86EE-4993-92D9-6ECA19DD22AB}.Ad-Hoc|iPhone.ActiveCfg = Release|Any CPU
		{E8E90931-86EE-4993-92D9-6ECA19DD22AB}.Ad-Hoc|iPhone.Build.0 = Release|Any CPU
		{E8E90931-86EE-4993-92D9-6ECA19DD22AB}.Ad-Hoc|iPhone.Deploy.0 = Release|Any CPU
		{E8E90931-86EE-4993-92D9-6ECA19DD22AB}.Ad-Hoc|iPhoneSimulator.ActiveCfg = Release|Any CPU
		{E8E90931-86EE-4993-92D9-6ECA19DD22AB}.Ad-Hoc|iPhoneSimulator.Build.0 = Release|Any CPU
		{E8E90931-86EE-4993-92D9-6ECA19DD22AB}.Ad-Hoc|iPhoneSimulator.Deploy.0 = Release|Any CPU
		{E8E90931-86EE-4993-92D9-6ECA19DD22AB}.Ad-Hoc|x64.ActiveCfg = Release|Any CPU
		{E8E90931-86EE-4993-92D9-6ECA19DD22AB}.Ad-Hoc|x64.Build.0 = Release|Any CPU
		{E8E90931-86EE-4993-92D9-6ECA19DD22AB}.Ad-Hoc|x64.Deploy.0 = Release|Any CPU
		{E8E90931-86EE-4993-92D9-6ECA19DD22AB}.Ad-Hoc|x86.ActiveCfg = Release|Any CPU
		{E8E90931-86EE-4993-92D9-6ECA19DD22AB}.Ad-Hoc|x86.Build.0 = Release|Any CPU
		{E8E90931-86EE-4993-92D9-6ECA19DD22AB}.Ad-Hoc|x86.Deploy.0 = Release|Any CPU
		{E8E90931-86EE-4993-92D9-6ECA19DD22AB}.AppStore|Any CPU.ActiveCfg = Release|Any CPU
		{E8E90931-86EE-4993-92D9-6ECA19DD22AB}.AppStore|Any CPU.Build.0 = Release|Any CPU
		{E8E90931-86EE-4993-92D9-6ECA19DD22AB}.AppStore|Any CPU.Deploy.0 = Release|Any CPU
		{E8E90931-86EE-4993-92D9-6ECA19DD22AB}.AppStore|ARM.ActiveCfg = Release|Any CPU
		{E8E90931-86EE-4993-92D9-6ECA19DD22AB}.AppStore|ARM.Build.0 = Release|Any CPU
		{E8E90931-86EE-4993-92D9-6ECA19DD22AB}.AppStore|ARM.Deploy.0 = Release|Any CPU
		{E8E90931-86EE-4993-92D9-6ECA19DD22AB}.AppStore|iPhone.ActiveCfg = Release|Any CPU
		{E8E90931-86EE-4993-92D9-6ECA19DD22AB}.AppStore|iPhone.Build.0 = Release|Any CPU
		{E8E90931-86EE-4993-92D9-6ECA19DD22AB}.AppStore|iPhone.Deploy.0 = Release|Any CPU
		{E8E90931-86EE-4993-92D9-6ECA19DD22AB}.AppStore|iPhoneSimulator.ActiveCfg = Release|Any CPU
		{E8E90931-86EE-4993-92D9-6ECA19DD22AB}.AppStore|iPhoneSimulator.Build.0 = Release|Any CPU
		{E8E90931-86EE-4993-92D9-6ECA19DD22AB}.AppStore|iPhoneSimulator.Deploy.0 = Release|Any CPU
		{E8E90931-86EE-4993-92D9-6ECA19DD22AB}.AppStore|x64.ActiveCfg = Release|Any CPU
		{E8E90931-86EE-4993-92D9-6ECA19DD22AB}.AppStore|x64.Build.0 = Release|Any CPU
		{E8E90931-86EE-4993-92D9-6ECA19DD22AB}.AppStore|x64.Deploy.0 = Release|Any CPU
		{E8E90931-86EE-4993-92D9-6ECA19DD22AB}.AppStore|x86.ActiveCfg = Release|Any CPU
		{E8E90931-86EE-4993-92D9-6ECA19DD22AB}.AppStore|x86.Build.0 = Release|Any CPU
		{E8E90931-86EE-4993-92D9-6ECA19DD22AB}.AppStore|x86.Deploy.0 = Release|Any CPU
		{E8E90931-86EE-4993-92D9-6ECA19DD22AB}.Debug|Any CPU.ActiveCfg = Debug|Any CPU
		{E8E90931-86EE-4993-92D9-6ECA19DD22AB}.Debug|Any CPU.Build.0 = Debug|Any CPU
		{E8E90931-86EE-4993-92D9-6ECA19DD22AB}.Debug|Any CPU.Deploy.0 = Debug|Any CPU
		{E8E90931-86EE-4993-92D9-6ECA19DD22AB}.Debug|ARM.ActiveCfg = Debug|Any CPU
		{E8E90931-86EE-4993-92D9-6ECA19DD22AB}.Debug|ARM.Build.0 = Debug|Any CPU
		{E8E90931-86EE-4993-92D9-6ECA19DD22AB}.Debug|ARM.Deploy.0 = Debug|Any CPU
		{E8E90931-86EE-4993-92D9-6ECA19DD22AB}.Debug|iPhone.ActiveCfg = Debug|Any CPU
		{E8E90931-86EE-4993-92D9-6ECA19DD22AB}.Debug|iPhone.Build.0 = Debug|Any CPU
		{E8E90931-86EE-4993-92D9-6ECA19DD22AB}.Debug|iPhone.Deploy.0 = Debug|Any CPU
		{E8E90931-86EE-4993-92D9-6ECA19DD22AB}.Debug|iPhoneSimulator.ActiveCfg = Debug|Any CPU
		{E8E90931-86EE-4993-92D9-6ECA19DD22AB}.Debug|iPhoneSimulator.Build.0 = Debug|Any CPU
		{E8E90931-86EE-4993-92D9-6ECA19DD22AB}.Debug|iPhoneSimulator.Deploy.0 = Debug|Any CPU
		{E8E90931-86EE-4993-92D9-6ECA19DD22AB}.Debug|x64.ActiveCfg = Debug|Any CPU
		{E8E90931-86EE-4993-92D9-6ECA19DD22AB}.Debug|x64.Build.0 = Debug|Any CPU
		{E8E90931-86EE-4993-92D9-6ECA19DD22AB}.Debug|x64.Deploy.0 = Debug|Any CPU
		{E8E90931-86EE-4993-92D9-6ECA19DD22AB}.Debug|x86.ActiveCfg = Debug|Any CPU
		{E8E90931-86EE-4993-92D9-6ECA19DD22AB}.Debug|x86.Build.0 = Debug|Any CPU
		{E8E90931-86EE-4993-92D9-6ECA19DD22AB}.Debug|x86.Deploy.0 = Debug|Any CPU
		{E8E90931-86EE-4993-92D9-6ECA19DD22AB}.Release|Any CPU.ActiveCfg = Release|Any CPU
		{E8E90931-86EE-4993-92D9-6ECA19DD22AB}.Release|Any CPU.Build.0 = Release|Any CPU
		{E8E90931-86EE-4993-92D9-6ECA19DD22AB}.Release|Any CPU.Deploy.0 = Release|Any CPU
		{E8E90931-86EE-4993-92D9-6ECA19DD22AB}.Release|ARM.ActiveCfg = Release|Any CPU
		{E8E90931-86EE-4993-92D9-6ECA19DD22AB}.Release|ARM.Build.0 = Release|Any CPU
		{E8E90931-86EE-4993-92D9-6ECA19DD22AB}.Release|ARM.Deploy.0 = Release|Any CPU
		{E8E90931-86EE-4993-92D9-6ECA19DD22AB}.Release|iPhone.ActiveCfg = Release|Any CPU
		{E8E90931-86EE-4993-92D9-6ECA19DD22AB}.Release|iPhone.Build.0 = Release|Any CPU
		{E8E90931-86EE-4993-92D9-6ECA19DD22AB}.Release|iPhone.Deploy.0 = Release|Any CPU
		{E8E90931-86EE-4993-92D9-6ECA19DD22AB}.Release|iPhoneSimulator.ActiveCfg = Release|Any CPU
		{E8E90931-86EE-4993-92D9-6ECA19DD22AB}.Release|iPhoneSimulator.Build.0 = Release|Any CPU
		{E8E90931-86EE-4993-92D9-6ECA19DD22AB}.Release|iPhoneSimulator.Deploy.0 = Release|Any CPU
		{E8E90931-86EE-4993-92D9-6ECA19DD22AB}.Release|x64.ActiveCfg = Release|Any CPU
		{E8E90931-86EE-4993-92D9-6ECA19DD22AB}.Release|x64.Build.0 = Release|Any CPU
		{E8E90931-86EE-4993-92D9-6ECA19DD22AB}.Release|x64.Deploy.0 = Release|Any CPU
		{E8E90931-86EE-4993-92D9-6ECA19DD22AB}.Release|x86.ActiveCfg = Release|Any CPU
		{E8E90931-86EE-4993-92D9-6ECA19DD22AB}.Release|x86.Build.0 = Release|Any CPU
		{E8E90931-86EE-4993-92D9-6ECA19DD22AB}.Release|x86.Deploy.0 = Release|Any CPU
		{7E75D4EA-F1EC-4765-B686-8CF24AD8CE88}.Ad-Hoc|Any CPU.ActiveCfg = Ad-Hoc|iPhone
		{7E75D4EA-F1EC-4765-B686-8CF24AD8CE88}.Ad-Hoc|ARM.ActiveCfg = Ad-Hoc|iPhone
		{7E75D4EA-F1EC-4765-B686-8CF24AD8CE88}.Ad-Hoc|iPhone.ActiveCfg = Ad-Hoc|iPhone
		{7E75D4EA-F1EC-4765-B686-8CF24AD8CE88}.Ad-Hoc|iPhone.Build.0 = Ad-Hoc|iPhone
		{7E75D4EA-F1EC-4765-B686-8CF24AD8CE88}.Ad-Hoc|iPhoneSimulator.ActiveCfg = Ad-Hoc|iPhoneSimulator
		{7E75D4EA-F1EC-4765-B686-8CF24AD8CE88}.Ad-Hoc|iPhoneSimulator.Build.0 = Ad-Hoc|iPhoneSimulator
		{7E75D4EA-F1EC-4765-B686-8CF24AD8CE88}.Ad-Hoc|x64.ActiveCfg = Ad-Hoc|iPhone
		{7E75D4EA-F1EC-4765-B686-8CF24AD8CE88}.Ad-Hoc|x86.ActiveCfg = Ad-Hoc|iPhone
		{7E75D4EA-F1EC-4765-B686-8CF24AD8CE88}.AppStore|Any CPU.ActiveCfg = AppStore|iPhone
		{7E75D4EA-F1EC-4765-B686-8CF24AD8CE88}.AppStore|ARM.ActiveCfg = AppStore|iPhone
		{7E75D4EA-F1EC-4765-B686-8CF24AD8CE88}.AppStore|iPhone.ActiveCfg = AppStore|iPhone
		{7E75D4EA-F1EC-4765-B686-8CF24AD8CE88}.AppStore|iPhone.Build.0 = AppStore|iPhone
		{7E75D4EA-F1EC-4765-B686-8CF24AD8CE88}.AppStore|iPhoneSimulator.ActiveCfg = AppStore|iPhoneSimulator
		{7E75D4EA-F1EC-4765-B686-8CF24AD8CE88}.AppStore|iPhoneSimulator.Build.0 = AppStore|iPhoneSimulator
		{7E75D4EA-F1EC-4765-B686-8CF24AD8CE88}.AppStore|x64.ActiveCfg = AppStore|iPhone
		{7E75D4EA-F1EC-4765-B686-8CF24AD8CE88}.AppStore|x86.ActiveCfg = AppStore|iPhone
		{7E75D4EA-F1EC-4765-B686-8CF24AD8CE88}.Debug|Any CPU.ActiveCfg = Debug|iPhone
		{7E75D4EA-F1EC-4765-B686-8CF24AD8CE88}.Debug|ARM.ActiveCfg = Debug|iPhone
		{7E75D4EA-F1EC-4765-B686-8CF24AD8CE88}.Debug|iPhone.ActiveCfg = Debug|iPhone
		{7E75D4EA-F1EC-4765-B686-8CF24AD8CE88}.Debug|iPhone.Build.0 = Debug|iPhone
		{7E75D4EA-F1EC-4765-B686-8CF24AD8CE88}.Debug|iPhoneSimulator.ActiveCfg = Debug|iPhoneSimulator
		{7E75D4EA-F1EC-4765-B686-8CF24AD8CE88}.Debug|iPhoneSimulator.Build.0 = Debug|iPhoneSimulator
		{7E75D4EA-F1EC-4765-B686-8CF24AD8CE88}.Debug|x64.ActiveCfg = Debug|iPhone
		{7E75D4EA-F1EC-4765-B686-8CF24AD8CE88}.Debug|x86.ActiveCfg = Debug|iPhone
		{7E75D4EA-F1EC-4765-B686-8CF24AD8CE88}.Release|Any CPU.ActiveCfg = Release|iPhone
		{7E75D4EA-F1EC-4765-B686-8CF24AD8CE88}.Release|ARM.ActiveCfg = Release|iPhone
		{7E75D4EA-F1EC-4765-B686-8CF24AD8CE88}.Release|iPhone.ActiveCfg = Release|iPhone
		{7E75D4EA-F1EC-4765-B686-8CF24AD8CE88}.Release|iPhone.Build.0 = Release|iPhone
		{7E75D4EA-F1EC-4765-B686-8CF24AD8CE88}.Release|iPhoneSimulator.ActiveCfg = Release|iPhoneSimulator
		{7E75D4EA-F1EC-4765-B686-8CF24AD8CE88}.Release|iPhoneSimulator.Build.0 = Release|iPhoneSimulator
		{7E75D4EA-F1EC-4765-B686-8CF24AD8CE88}.Release|x64.ActiveCfg = Release|iPhone
		{7E75D4EA-F1EC-4765-B686-8CF24AD8CE88}.Release|x86.ActiveCfg = Release|iPhone
		{AD2B9465-3F94-4255-94D7-7880FEC784EF}.Ad-Hoc|Any CPU.ActiveCfg = Release|Any CPU
		{AD2B9465-3F94-4255-94D7-7880FEC784EF}.Ad-Hoc|Any CPU.Build.0 = Release|Any CPU
		{AD2B9465-3F94-4255-94D7-7880FEC784EF}.Ad-Hoc|ARM.ActiveCfg = Release|Any CPU
		{AD2B9465-3F94-4255-94D7-7880FEC784EF}.Ad-Hoc|ARM.Build.0 = Release|Any CPU
		{AD2B9465-3F94-4255-94D7-7880FEC784EF}.Ad-Hoc|iPhone.ActiveCfg = Release|Any CPU
		{AD2B9465-3F94-4255-94D7-7880FEC784EF}.Ad-Hoc|iPhone.Build.0 = Release|Any CPU
		{AD2B9465-3F94-4255-94D7-7880FEC784EF}.Ad-Hoc|iPhoneSimulator.ActiveCfg = Release|Any CPU
		{AD2B9465-3F94-4255-94D7-7880FEC784EF}.Ad-Hoc|iPhoneSimulator.Build.0 = Release|Any CPU
		{AD2B9465-3F94-4255-94D7-7880FEC784EF}.Ad-Hoc|x64.ActiveCfg = Release|Any CPU
		{AD2B9465-3F94-4255-94D7-7880FEC784EF}.Ad-Hoc|x64.Build.0 = Release|Any CPU
		{AD2B9465-3F94-4255-94D7-7880FEC784EF}.Ad-Hoc|x86.ActiveCfg = Release|Any CPU
		{AD2B9465-3F94-4255-94D7-7880FEC784EF}.Ad-Hoc|x86.Build.0 = Release|Any CPU
		{AD2B9465-3F94-4255-94D7-7880FEC784EF}.AppStore|Any CPU.ActiveCfg = Release|Any CPU
		{AD2B9465-3F94-4255-94D7-7880FEC784EF}.AppStore|Any CPU.Build.0 = Release|Any CPU
		{AD2B9465-3F94-4255-94D7-7880FEC784EF}.AppStore|ARM.ActiveCfg = Release|Any CPU
		{AD2B9465-3F94-4255-94D7-7880FEC784EF}.AppStore|ARM.Build.0 = Release|Any CPU
		{AD2B9465-3F94-4255-94D7-7880FEC784EF}.AppStore|iPhone.ActiveCfg = Release|Any CPU
		{AD2B9465-3F94-4255-94D7-7880FEC784EF}.AppStore|iPhone.Build.0 = Release|Any CPU
		{AD2B9465-3F94-4255-94D7-7880FEC784EF}.AppStore|iPhoneSimulator.ActiveCfg = Release|Any CPU
		{AD2B9465-3F94-4255-94D7-7880FEC784EF}.AppStore|iPhoneSimulator.Build.0 = Release|Any CPU
		{AD2B9465-3F94-4255-94D7-7880FEC784EF}.AppStore|x64.ActiveCfg = Release|Any CPU
		{AD2B9465-3F94-4255-94D7-7880FEC784EF}.AppStore|x64.Build.0 = Release|Any CPU
		{AD2B9465-3F94-4255-94D7-7880FEC784EF}.AppStore|x86.ActiveCfg = Release|Any CPU
		{AD2B9465-3F94-4255-94D7-7880FEC784EF}.AppStore|x86.Build.0 = Release|Any CPU
		{AD2B9465-3F94-4255-94D7-7880FEC784EF}.Debug|Any CPU.ActiveCfg = Debug|Any CPU
		{AD2B9465-3F94-4255-94D7-7880FEC784EF}.Debug|Any CPU.Build.0 = Debug|Any CPU
		{AD2B9465-3F94-4255-94D7-7880FEC784EF}.Debug|ARM.ActiveCfg = Debug|Any CPU
		{AD2B9465-3F94-4255-94D7-7880FEC784EF}.Debug|ARM.Build.0 = Debug|Any CPU
		{AD2B9465-3F94-4255-94D7-7880FEC784EF}.Debug|iPhone.ActiveCfg = Debug|Any CPU
		{AD2B9465-3F94-4255-94D7-7880FEC784EF}.Debug|iPhone.Build.0 = Debug|Any CPU
		{AD2B9465-3F94-4255-94D7-7880FEC784EF}.Debug|iPhoneSimulator.ActiveCfg = Debug|Any CPU
		{AD2B9465-3F94-4255-94D7-7880FEC784EF}.Debug|iPhoneSimulator.Build.0 = Debug|Any CPU
		{AD2B9465-3F94-4255-94D7-7880FEC784EF}.Debug|x64.ActiveCfg = Debug|Any CPU
		{AD2B9465-3F94-4255-94D7-7880FEC784EF}.Debug|x64.Build.0 = Debug|Any CPU
		{AD2B9465-3F94-4255-94D7-7880FEC784EF}.Debug|x86.ActiveCfg = Debug|Any CPU
		{AD2B9465-3F94-4255-94D7-7880FEC784EF}.Debug|x86.Build.0 = Debug|Any CPU
		{AD2B9465-3F94-4255-94D7-7880FEC784EF}.Release|Any CPU.ActiveCfg = Release|Any CPU
		{AD2B9465-3F94-4255-94D7-7880FEC784EF}.Release|Any CPU.Build.0 = Release|Any CPU
		{AD2B9465-3F94-4255-94D7-7880FEC784EF}.Release|ARM.ActiveCfg = Release|Any CPU
		{AD2B9465-3F94-4255-94D7-7880FEC784EF}.Release|ARM.Build.0 = Release|Any CPU
		{AD2B9465-3F94-4255-94D7-7880FEC784EF}.Release|iPhone.ActiveCfg = Release|Any CPU
		{AD2B9465-3F94-4255-94D7-7880FEC784EF}.Release|iPhone.Build.0 = Release|Any CPU
		{AD2B9465-3F94-4255-94D7-7880FEC784EF}.Release|iPhoneSimulator.ActiveCfg = Release|Any CPU
		{AD2B9465-3F94-4255-94D7-7880FEC784EF}.Release|iPhoneSimulator.Build.0 = Release|Any CPU
		{AD2B9465-3F94-4255-94D7-7880FEC784EF}.Release|x64.ActiveCfg = Release|Any CPU
		{AD2B9465-3F94-4255-94D7-7880FEC784EF}.Release|x64.Build.0 = Release|Any CPU
		{AD2B9465-3F94-4255-94D7-7880FEC784EF}.Release|x86.ActiveCfg = Release|Any CPU
		{AD2B9465-3F94-4255-94D7-7880FEC784EF}.Release|x86.Build.0 = Release|Any CPU
		{67F9D3A8-F71E-4428-913F-C37AE82CDB24}.Ad-Hoc|Any CPU.ActiveCfg = Release|Any CPU
		{67F9D3A8-F71E-4428-913F-C37AE82CDB24}.Ad-Hoc|Any CPU.Build.0 = Release|Any CPU
		{67F9D3A8-F71E-4428-913F-C37AE82CDB24}.Ad-Hoc|ARM.ActiveCfg = Release|Any CPU
		{67F9D3A8-F71E-4428-913F-C37AE82CDB24}.Ad-Hoc|ARM.Build.0 = Release|Any CPU
		{67F9D3A8-F71E-4428-913F-C37AE82CDB24}.Ad-Hoc|iPhone.ActiveCfg = Release|Any CPU
		{67F9D3A8-F71E-4428-913F-C37AE82CDB24}.Ad-Hoc|iPhone.Build.0 = Release|Any CPU
		{67F9D3A8-F71E-4428-913F-C37AE82CDB24}.Ad-Hoc|iPhoneSimulator.ActiveCfg = Release|Any CPU
		{67F9D3A8-F71E-4428-913F-C37AE82CDB24}.Ad-Hoc|iPhoneSimulator.Build.0 = Release|Any CPU
		{67F9D3A8-F71E-4428-913F-C37AE82CDB24}.Ad-Hoc|x64.ActiveCfg = Release|Any CPU
		{67F9D3A8-F71E-4428-913F-C37AE82CDB24}.Ad-Hoc|x64.Build.0 = Release|Any CPU
		{67F9D3A8-F71E-4428-913F-C37AE82CDB24}.Ad-Hoc|x86.ActiveCfg = Release|Any CPU
		{67F9D3A8-F71E-4428-913F-C37AE82CDB24}.Ad-Hoc|x86.Build.0 = Release|Any CPU
		{67F9D3A8-F71E-4428-913F-C37AE82CDB24}.AppStore|Any CPU.ActiveCfg = Release|Any CPU
		{67F9D3A8-F71E-4428-913F-C37AE82CDB24}.AppStore|Any CPU.Build.0 = Release|Any CPU
		{67F9D3A8-F71E-4428-913F-C37AE82CDB24}.AppStore|ARM.ActiveCfg = Release|Any CPU
		{67F9D3A8-F71E-4428-913F-C37AE82CDB24}.AppStore|ARM.Build.0 = Release|Any CPU
		{67F9D3A8-F71E-4428-913F-C37AE82CDB24}.AppStore|iPhone.ActiveCfg = Release|Any CPU
		{67F9D3A8-F71E-4428-913F-C37AE82CDB24}.AppStore|iPhone.Build.0 = Release|Any CPU
		{67F9D3A8-F71E-4428-913F-C37AE82CDB24}.AppStore|iPhoneSimulator.ActiveCfg = Release|Any CPU
		{67F9D3A8-F71E-4428-913F-C37AE82CDB24}.AppStore|iPhoneSimulator.Build.0 = Release|Any CPU
		{67F9D3A8-F71E-4428-913F-C37AE82CDB24}.AppStore|x64.ActiveCfg = Release|Any CPU
		{67F9D3A8-F71E-4428-913F-C37AE82CDB24}.AppStore|x64.Build.0 = Release|Any CPU
		{67F9D3A8-F71E-4428-913F-C37AE82CDB24}.AppStore|x86.ActiveCfg = Release|Any CPU
		{67F9D3A8-F71E-4428-913F-C37AE82CDB24}.AppStore|x86.Build.0 = Release|Any CPU
		{67F9D3A8-F71E-4428-913F-C37AE82CDB24}.Debug|Any CPU.ActiveCfg = Debug|Any CPU
		{67F9D3A8-F71E-4428-913F-C37AE82CDB24}.Debug|Any CPU.Build.0 = Debug|Any CPU
		{67F9D3A8-F71E-4428-913F-C37AE82CDB24}.Debug|ARM.ActiveCfg = Debug|Any CPU
		{67F9D3A8-F71E-4428-913F-C37AE82CDB24}.Debug|ARM.Build.0 = Debug|Any CPU
		{67F9D3A8-F71E-4428-913F-C37AE82CDB24}.Debug|iPhone.ActiveCfg = Debug|Any CPU
		{67F9D3A8-F71E-4428-913F-C37AE82CDB24}.Debug|iPhone.Build.0 = Debug|Any CPU
		{67F9D3A8-F71E-4428-913F-C37AE82CDB24}.Debug|iPhoneSimulator.ActiveCfg = Debug|Any CPU
		{67F9D3A8-F71E-4428-913F-C37AE82CDB24}.Debug|iPhoneSimulator.Build.0 = Debug|Any CPU
		{67F9D3A8-F71E-4428-913F-C37AE82CDB24}.Debug|x64.ActiveCfg = Debug|Any CPU
		{67F9D3A8-F71E-4428-913F-C37AE82CDB24}.Debug|x64.Build.0 = Debug|Any CPU
		{67F9D3A8-F71E-4428-913F-C37AE82CDB24}.Debug|x86.ActiveCfg = Debug|Any CPU
		{67F9D3A8-F71E-4428-913F-C37AE82CDB24}.Debug|x86.Build.0 = Debug|Any CPU
		{67F9D3A8-F71E-4428-913F-C37AE82CDB24}.Release|Any CPU.ActiveCfg = Release|Any CPU
		{67F9D3A8-F71E-4428-913F-C37AE82CDB24}.Release|Any CPU.Build.0 = Release|Any CPU
		{67F9D3A8-F71E-4428-913F-C37AE82CDB24}.Release|ARM.ActiveCfg = Release|Any CPU
		{67F9D3A8-F71E-4428-913F-C37AE82CDB24}.Release|ARM.Build.0 = Release|Any CPU
		{67F9D3A8-F71E-4428-913F-C37AE82CDB24}.Release|iPhone.ActiveCfg = Release|Any CPU
		{67F9D3A8-F71E-4428-913F-C37AE82CDB24}.Release|iPhone.Build.0 = Release|Any CPU
		{67F9D3A8-F71E-4428-913F-C37AE82CDB24}.Release|iPhoneSimulator.ActiveCfg = Release|Any CPU
		{67F9D3A8-F71E-4428-913F-C37AE82CDB24}.Release|iPhoneSimulator.Build.0 = Release|Any CPU
		{67F9D3A8-F71E-4428-913F-C37AE82CDB24}.Release|x64.ActiveCfg = Release|Any CPU
		{67F9D3A8-F71E-4428-913F-C37AE82CDB24}.Release|x64.Build.0 = Release|Any CPU
		{67F9D3A8-F71E-4428-913F-C37AE82CDB24}.Release|x86.ActiveCfg = Release|Any CPU
		{67F9D3A8-F71E-4428-913F-C37AE82CDB24}.Release|x86.Build.0 = Release|Any CPU
		{74D99967-7F06-43C1-99C9-892AA21594CC}.Ad-Hoc|Any CPU.ActiveCfg = Release|Any CPU
		{74D99967-7F06-43C1-99C9-892AA21594CC}.Ad-Hoc|Any CPU.Build.0 = Release|Any CPU
		{74D99967-7F06-43C1-99C9-892AA21594CC}.Ad-Hoc|ARM.ActiveCfg = Release|Any CPU
		{74D99967-7F06-43C1-99C9-892AA21594CC}.Ad-Hoc|ARM.Build.0 = Release|Any CPU
		{74D99967-7F06-43C1-99C9-892AA21594CC}.Ad-Hoc|iPhone.ActiveCfg = Release|Any CPU
		{74D99967-7F06-43C1-99C9-892AA21594CC}.Ad-Hoc|iPhone.Build.0 = Release|Any CPU
		{74D99967-7F06-43C1-99C9-892AA21594CC}.Ad-Hoc|iPhoneSimulator.ActiveCfg = Release|Any CPU
		{74D99967-7F06-43C1-99C9-892AA21594CC}.Ad-Hoc|iPhoneSimulator.Build.0 = Release|Any CPU
		{74D99967-7F06-43C1-99C9-892AA21594CC}.Ad-Hoc|x64.ActiveCfg = Release|Any CPU
		{74D99967-7F06-43C1-99C9-892AA21594CC}.Ad-Hoc|x64.Build.0 = Release|Any CPU
		{74D99967-7F06-43C1-99C9-892AA21594CC}.Ad-Hoc|x86.ActiveCfg = Release|Any CPU
		{74D99967-7F06-43C1-99C9-892AA21594CC}.Ad-Hoc|x86.Build.0 = Release|Any CPU
		{74D99967-7F06-43C1-99C9-892AA21594CC}.AppStore|Any CPU.ActiveCfg = Release|Any CPU
		{74D99967-7F06-43C1-99C9-892AA21594CC}.AppStore|Any CPU.Build.0 = Release|Any CPU
		{74D99967-7F06-43C1-99C9-892AA21594CC}.AppStore|ARM.ActiveCfg = Release|Any CPU
		{74D99967-7F06-43C1-99C9-892AA21594CC}.AppStore|ARM.Build.0 = Release|Any CPU
		{74D99967-7F06-43C1-99C9-892AA21594CC}.AppStore|iPhone.ActiveCfg = Release|Any CPU
		{74D99967-7F06-43C1-99C9-892AA21594CC}.AppStore|iPhone.Build.0 = Release|Any CPU
		{74D99967-7F06-43C1-99C9-892AA21594CC}.AppStore|iPhoneSimulator.ActiveCfg = Release|Any CPU
		{74D99967-7F06-43C1-99C9-892AA21594CC}.AppStore|iPhoneSimulator.Build.0 = Release|Any CPU
		{74D99967-7F06-43C1-99C9-892AA21594CC}.AppStore|x64.ActiveCfg = Release|Any CPU
		{74D99967-7F06-43C1-99C9-892AA21594CC}.AppStore|x64.Build.0 = Release|Any CPU
		{74D99967-7F06-43C1-99C9-892AA21594CC}.AppStore|x86.ActiveCfg = Release|Any CPU
		{74D99967-7F06-43C1-99C9-892AA21594CC}.AppStore|x86.Build.0 = Release|Any CPU
		{74D99967-7F06-43C1-99C9-892AA21594CC}.Debug|Any CPU.ActiveCfg = Debug|Any CPU
		{74D99967-7F06-43C1-99C9-892AA21594CC}.Debug|Any CPU.Build.0 = Debug|Any CPU
		{74D99967-7F06-43C1-99C9-892AA21594CC}.Debug|ARM.ActiveCfg = Debug|Any CPU
		{74D99967-7F06-43C1-99C9-892AA21594CC}.Debug|ARM.Build.0 = Debug|Any CPU
		{74D99967-7F06-43C1-99C9-892AA21594CC}.Debug|iPhone.ActiveCfg = Debug|Any CPU
		{74D99967-7F06-43C1-99C9-892AA21594CC}.Debug|iPhone.Build.0 = Debug|Any CPU
		{74D99967-7F06-43C1-99C9-892AA21594CC}.Debug|iPhoneSimulator.ActiveCfg = Debug|Any CPU
		{74D99967-7F06-43C1-99C9-892AA21594CC}.Debug|iPhoneSimulator.Build.0 = Debug|Any CPU
		{74D99967-7F06-43C1-99C9-892AA21594CC}.Debug|x64.ActiveCfg = Debug|Any CPU
		{74D99967-7F06-43C1-99C9-892AA21594CC}.Debug|x64.Build.0 = Debug|Any CPU
		{74D99967-7F06-43C1-99C9-892AA21594CC}.Debug|x86.ActiveCfg = Debug|Any CPU
		{74D99967-7F06-43C1-99C9-892AA21594CC}.Debug|x86.Build.0 = Debug|Any CPU
		{74D99967-7F06-43C1-99C9-892AA21594CC}.Release|Any CPU.ActiveCfg = Release|Any CPU
		{74D99967-7F06-43C1-99C9-892AA21594CC}.Release|Any CPU.Build.0 = Release|Any CPU
		{74D99967-7F06-43C1-99C9-892AA21594CC}.Release|ARM.ActiveCfg = Release|Any CPU
		{74D99967-7F06-43C1-99C9-892AA21594CC}.Release|ARM.Build.0 = Release|Any CPU
		{74D99967-7F06-43C1-99C9-892AA21594CC}.Release|iPhone.ActiveCfg = Release|Any CPU
		{74D99967-7F06-43C1-99C9-892AA21594CC}.Release|iPhone.Build.0 = Release|Any CPU
		{74D99967-7F06-43C1-99C9-892AA21594CC}.Release|iPhoneSimulator.ActiveCfg = Release|Any CPU
		{74D99967-7F06-43C1-99C9-892AA21594CC}.Release|iPhoneSimulator.Build.0 = Release|Any CPU
		{74D99967-7F06-43C1-99C9-892AA21594CC}.Release|x64.ActiveCfg = Release|Any CPU
		{74D99967-7F06-43C1-99C9-892AA21594CC}.Release|x64.Build.0 = Release|Any CPU
		{74D99967-7F06-43C1-99C9-892AA21594CC}.Release|x86.ActiveCfg = Release|Any CPU
		{74D99967-7F06-43C1-99C9-892AA21594CC}.Release|x86.Build.0 = Release|Any CPU
	EndGlobalSection
	GlobalSection(SolutionProperties) = preSolution
		HideSolutionNode = FALSE
	EndGlobalSection
EndGlobal
